
Microsoft Visual Studio Solution File, Format Version 12.00
# Visual Studio Version 17
VisualStudioVersion = 17.8.34511.84
MinimumVisualStudioVersion = 10.0.40219.1
Project("{9A19103F-16F7-4668-BE54-9A1E7A4F7556}") = "Login-App-Console", "Login-App-Console\Login-App-Console.csproj", "{192C7608-90EB-4BF6-B508-B69AE14800C2}"
EndProject
Project("{2150E333-8FDC-42A3-9474-1A3956D46DE8}") = "Solution Items", "Solution Items", "{C4C96B45-E7C2-4BB6-8052-9C785BB1D0C7}"
	ProjectSection(SolutionItems) = preProject
		.editorconfig = .editorconfig
	EndProjectSection
EndProject
Global
	GlobalSection(SolutionConfigurationPlatforms) = preSolution
		Debug|Any CPU = Debug|Any CPU
		Release|Any CPU = Release|Any CPU
	EndGlobalSection
	GlobalSection(ProjectConfigurationPlatforms) = postSolution
		{192C7608-90EB-4BF6-B508-B69AE14800C2}.Debug|Any CPU.ActiveCfg = Debug|Any CPU
		{192C7608-90EB-4BF6-B508-B69AE14800C2}.Debug|Any CPU.Build.0 = Debug|Any CPU
		{192C7608-90EB-4BF6-B508-B69AE14800C2}.Release|Any CPU.ActiveCfg = Release|Any CPU
		{192C7608-90EB-4BF6-B508-B69AE14800C2}.Release|Any CPU.Build.0 = Release|Any CPU
	EndGlobalSection
	GlobalSection(SolutionProperties) = preSolution
		HideSolutionNode = FALSE
	EndGlobalSection
	GlobalSection(ExtensibilityGlobals) = postSolution
		SolutionGuid = {712FE023-D78D-42BA-8373-35562D28E995}
	EndGlobalSection
EndGlobal
